
Microsoft Visual Studio Solution File, Format Version 12.00
# Visual Studio 15
VisualStudioVersion = 15.0.28010.2026
MinimumVisualStudioVersion = 10.0.40219.1
Project("{00D1A9C2-B5F0-4AF3-8072-F6C62B433612}") = "Projekt1", "Projekt1\Projekt1.sqlproj", "{C7D16A20-01EF-45A9-BF4E-54B887A3546C}"
EndProject
Global
	GlobalSection(SolutionConfigurationPlatforms) = preSolution
		Debug|Any CPU = Debug|Any CPU
		Release|Any CPU = Release|Any CPU
	EndGlobalSection
	GlobalSection(ProjectConfigurationPlatforms) = postSolution
		{C7D16A20-01EF-45A9-BF4E-54B887A3546C}.Debug|Any CPU.ActiveCfg = Debug|Any CPU
		{C7D16A20-01EF-45A9-BF4E-54B887A3546C}.Debug|Any CPU.Build.0 = Debug|Any CPU
		{C7D16A20-01EF-45A9-BF4E-54B887A3546C}.Debug|Any CPU.Deploy.0 = Debug|Any CPU
		{C7D16A20-01EF-45A9-BF4E-54B887A3546C}.Release|Any CPU.ActiveCfg = Release|Any CPU
		{C7D16A20-01EF-45A9-BF4E-54B887A3546C}.Release|Any CPU.Build.0 = Release|Any CPU
		{C7D16A20-01EF-45A9-BF4E-54B887A3546C}.Release|Any CPU.Deploy.0 = Release|Any CPU
	EndGlobalSection
	GlobalSection(SolutionProperties) = preSolution
		HideSolutionNode = FALSE
	EndGlobalSection
	GlobalSection(ExtensibilityGlobals) = postSolution
		SolutionGuid = {712D530C-4EB5-43B0-A63F-7E7903686D5A}
	EndGlobalSection
EndGlobal
